{
  "name": "boilerplate",
  "lockfileVersion": 3,
  "requires": true,
  "packages": {
    "": {
      "license": "ISC",
      "workspaces": [
        "./packages/radfish-react"
      ]
    },
    "node_modules/radfish-react": {
      "resolved": "packages/radfish-react",
      "link": true
    },
    "packages/radfish-react": {
      "version": "1.0.0",
      "license": "ISC"
    }
  }
}
